// !$*UTF8*$!
{
	archiveVersion = 1;
	classes = {
	};
	objectVersion = 56;
	objects = {

/* Begin PBXBuildFile section */
		BD14E31C293CF0E40031131B /* ExpenseTrackerApp.swift in Sources */ = {isa = PBXBuildFile; fileRef = BD14E31B293CF0E40031131B /* ExpenseTrackerApp.swift */; };
		BD14E31E293CF0E40031131B /* ContentView.swift in Sources */ = {isa = PBXBuildFile; fileRef = BD14E31D293CF0E40031131B /* ContentView.swift */; };
		BD14E320293CF0EA0031131B /* Assets.xcassets in Resources */ = {isa = PBXBuildFile; fileRef = BD14E31F293CF0EA0031131B /* Assets.xcassets */; };
		BD14E324293CF0EA0031131B /* Preview Assets.xcassets in Resources */ = {isa = PBXBuildFile; fileRef = BD14E323293CF0EA0031131B /* Preview Assets.xcassets */; };
		BD6221562940C5530090CEB3 /* SwiftUIFontIcon in Frameworks */ = {isa = PBXBuildFile; productRef = BD6221552940C5530090CEB3 /* SwiftUIFontIcon */; };
		BD6221582940C62F0090CEB3 /* TransactionListViewModel.swift in Sources */ = {isa = PBXBuildFile; fileRef = BD6221572940C62F0090CEB3 /* TransactionListViewModel.swift */; };
		BD62215A2940CD190090CEB3 /* RecentTransactionList.swift in Sources */ = {isa = PBXBuildFile; fileRef = BD6221592940CD190090CEB3 /* RecentTransactionList.swift */; };
		BDA99D73293F8DA600EA862D /* Extensions.swift in Sources */ = {isa = PBXBuildFile; fileRef = BDA99D72293F8DA600EA862D /* Extensions.swift */; };
		BDA99D75293F92EB00EA862D /* TransactionModel.swift in Sources */ = {isa = PBXBuildFile; fileRef = BDA99D74293F92EB00EA862D /* TransactionModel.swift */; };
		BDA99D77293F95D700EA862D /* PreviewData.swift in Sources */ = {isa = PBXBuildFile; fileRef = BDA99D76293F95D700EA862D /* PreviewData.swift */; };
		BDA99D79293F978000EA862D /* TransactionRow.swift in Sources */ = {isa = PBXBuildFile; fileRef = BDA99D78293F978000EA862D /* TransactionRow.swift */; };
		BDD2C7BA2943349F0047576B /* ChartView.swift in Sources */ = {isa = PBXBuildFile; fileRef = BDD2C7B92943349F0047576B /* ChartView.swift */; };
		BDDA8E612940DA35004B51DB /* TransactionList.swift in Sources */ = {isa = PBXBuildFile; fileRef = BDDA8E602940DA35004B51DB /* TransactionList.swift */; };
		BDDA8E642940E037004B51DB /* Collections in Frameworks */ = {isa = PBXBuildFile; productRef = BDDA8E632940E037004B51DB /* Collections */; };
		BDDA8E662940E037004B51DB /* DequeModule in Frameworks */ = {isa = PBXBuildFile; productRef = BDDA8E652940E037004B51DB /* DequeModule */; };
		BDDA8E682940E037004B51DB /* OrderedCollections in Frameworks */ = {isa = PBXBuildFile; productRef = BDDA8E672940E037004B51DB /* OrderedCollections */; };
		BDDA8E6B2940E484004B51DB /* SwiftUICharts in Frameworks */ = {isa = PBXBuildFile; productRef = BDDA8E6A2940E484004B51DB /* SwiftUICharts */; };
/* End PBXBuildFile section */

/* Begin PBXFileReference section */
		BD14E318293CF0E40031131B /* ExpenseTracker.app */ = {isa = PBXFileReference; explicitFileType = wrapper.application; includeInIndex = 0; path = ExpenseTracker.app; sourceTree = BUILT_PRODUCTS_DIR; };
		BD14E31B293CF0E40031131B /* ExpenseTrackerApp.swift */ = {isa = PBXFileReference; lastKnownFileType = sourcecode.swift; path = ExpenseTrackerApp.swift; sourceTree = "<group>"; };
		BD14E31D293CF0E40031131B /* ContentView.swift */ = {isa = PBXFileReference; lastKnownFileType = sourcecode.swift; path = ContentView.swift; sourceTree = "<group>"; };
		BD14E31F293CF0EA0031131B /* Assets.xcassets */ = {isa = PBXFileReference; lastKnownFileType = folder.assetcatalog; path = Assets.xcassets; sourceTree = "<group>"; };
		BD14E321293CF0EA0031131B /* ExpenseTracker.entitlements */ = {isa = PBXFileReference; lastKnownFileType = text.plist.entitlements; path = ExpenseTracker.entitlements; sourceTree = "<group>"; };
		BD14E323293CF0EA0031131B /* Preview Assets.xcassets */ = {isa = PBXFileReference; lastKnownFileType = folder.assetcatalog; path = "Preview Assets.xcassets"; sourceTree = "<group>"; };
		BD6221572940C62F0090CEB3 /* TransactionListViewModel.swift */ = {isa = PBXFileReference; lastKnownFileType = sourcecode.swift; path = TransactionListViewModel.swift; sourceTree = "<group>"; };
		BD6221592940CD190090CEB3 /* RecentTransactionList.swift */ = {isa = PBXFileReference; lastKnownFileType = sourcecode.swift; path = RecentTransactionList.swift; sourceTree = "<group>"; };
		BDA99D72293F8DA600EA862D /* Extensions.swift */ = {isa = PBXFileReference; lastKnownFileType = sourcecode.swift; path = Extensions.swift; sourceTree = "<group>"; };
		BDA99D74293F92EB00EA862D /* TransactionModel.swift */ = {isa = PBXFileReference; lastKnownFileType = sourcecode.swift; path = TransactionModel.swift; sourceTree = "<group>"; };
		BDA99D76293F95D700EA862D /* PreviewData.swift */ = {isa = PBXFileReference; lastKnownFileType = sourcecode.swift; path = PreviewData.swift; sourceTree = "<group>"; };
		BDA99D78293F978000EA862D /* TransactionRow.swift */ = {isa = PBXFileReference; lastKnownFileType = sourcecode.swift; path = TransactionRow.swift; sourceTree = "<group>"; };
		BDD2C7B92943349F0047576B /* ChartView.swift */ = {isa = PBXFileReference; lastKnownFileType = sourcecode.swift; path = ChartView.swift; sourceTree = "<group>"; };
		BDDA8E602940DA35004B51DB /* TransactionList.swift */ = {isa = PBXFileReference; lastKnownFileType = sourcecode.swift; path = TransactionList.swift; sourceTree = "<group>"; };
/* End PBXFileReference section */

/* Begin PBXFrameworksBuildPhase section */
		BD14E315293CF0E40031131B /* Frameworks */ = {
			isa = PBXFrameworksBuildPhase;
			buildActionMask = 2147483647;
			files = (
				BDDA8E642940E037004B51DB /* Collections in Frameworks */,
				BD6221562940C5530090CEB3 /* SwiftUIFontIcon in Frameworks */,
				BDDA8E682940E037004B51DB /* OrderedCollections in Frameworks */,
				BDDA8E662940E037004B51DB /* DequeModule in Frameworks */,
				BDDA8E6B2940E484004B51DB /* SwiftUICharts in Frameworks */,
			);
			runOnlyForDeploymentPostprocessing = 0;
		};
/* End PBXFrameworksBuildPhase section */

/* Begin PBXGroup section */
		BD14E30F293CF0E40031131B = {
			isa = PBXGroup;
			children = (
				BD14E31A293CF0E40031131B /* ExpenseTracker */,
				BD14E319293CF0E40031131B /* Products */,
			);
			sourceTree = "<group>";
		};
		BD14E319293CF0E40031131B /* Products */ = {
			isa = PBXGroup;
			children = (
				BD14E318293CF0E40031131B /* ExpenseTracker.app */,
			);
			name = Products;
			sourceTree = "<group>";
		};
		BD14E31A293CF0E40031131B /* ExpenseTracker */ = {
			isa = PBXGroup;
			children = (
				BD14E31F293CF0EA0031131B /* Assets.xcassets */,
				BD14E321293CF0EA0031131B /* ExpenseTracker.entitlements */,
				BD14E322293CF0EA0031131B /* Preview Content */,
				BD14E31B293CF0E40031131B /* ExpenseTrackerApp.swift */,
				BD14E31D293CF0E40031131B /* ContentView.swift */,
				BDD2C7B92943349F0047576B /* ChartView.swift */,
				BD6221592940CD190090CEB3 /* RecentTransactionList.swift */,
				BDA99D72293F8DA600EA862D /* Extensions.swift */,
				BDA99D74293F92EB00EA862D /* TransactionModel.swift */,
				BDA99D78293F978000EA862D /* TransactionRow.swift */,
				BD6221572940C62F0090CEB3 /* TransactionListViewModel.swift */,
				BDDA8E602940DA35004B51DB /* TransactionList.swift */,
			);
			path = ExpenseTracker;
			sourceTree = "<group>";
		};
		BD14E322293CF0EA0031131B /* Preview Content */ = {
			isa = PBXGroup;
			children = (
				BD14E323293CF0EA0031131B /* Preview Assets.xcassets */,
				BDA99D76293F95D700EA862D /* PreviewData.swift */,
			);
			path = "Preview Content";
			sourceTree = "<group>";
		};
/* End PBXGroup section */

/* Begin PBXNativeTarget section */
		BD14E317293CF0E40031131B /* ExpenseTracker */ = {
			isa = PBXNativeTarget;
			buildConfigurationList = BD14E327293CF0EA0031131B /* Build configuration list for PBXNativeTarget "ExpenseTracker" */;
			buildPhases = (
				BD14E314293CF0E40031131B /* Sources */,
				BD14E315293CF0E40031131B /* Frameworks */,
				BD14E316293CF0E40031131B /* Resources */,
			);
			buildRules = (
			);
			dependencies = (
			);
			name = ExpenseTracker;
			packageProductDependencies = (
				BD6221552940C5530090CEB3 /* SwiftUIFontIcon */,
				BDDA8E632940E037004B51DB /* Collections */,
				BDDA8E652940E037004B51DB /* DequeModule */,
				BDDA8E672940E037004B51DB /* OrderedCollections */,
				BDDA8E6A2940E484004B51DB /* SwiftUICharts */,
			);
			productName = ExpenseTracker;
			productReference = BD14E318293CF0E40031131B /* ExpenseTracker.app */;
			productType = "com.apple.product-type.application";
		};
/* End PBXNativeTarget section */

/* Begin PBXProject section */
		BD14E310293CF0E40031131B /* Project object */ = {
			isa = PBXProject;
			attributes = {
				BuildIndependentTargetsInParallel = 1;
				LastSwiftUpdateCheck = 1410;
				LastUpgradeCheck = 1410;
				TargetAttributes = {
					BD14E317293CF0E40031131B = {
						CreatedOnToolsVersion = 14.1;
					};
				};
			};
			buildConfigurationList = BD14E313293CF0E40031131B /* Build configuration list for PBXProject "ExpenseTracker" */;
			compatibilityVersion = "Xcode 14.0";
			developmentRegion = en;
			hasScannedForEncodings = 0;
			knownRegions = (
				en,
				Base,
			);
			mainGroup = BD14E30F293CF0E40031131B;
			packageReferences = (
				BD6221542940C5530090CEB3 /* XCRemoteSwiftPackageReference "SwiftUIFontIcon" */,
				BDDA8E622940E037004B51DB /* XCRemoteSwiftPackageReference "swift-collections" */,
				BDDA8E692940E484004B51DB /* XCRemoteSwiftPackageReference "ChartView" */,
			);
			productRefGroup = BD14E319293CF0E40031131B /* Products */;
			projectDirPath = "";
			projectRoot = "";
			targets = (
				BD14E317293CF0E40031131B /* ExpenseTracker */,
			);
		};
/* End PBXProject section */

/* Begin PBXResourcesBuildPhase section */
		BD14E316293CF0E40031131B /* Resources */ = {
			isa = PBXResourcesBuildPhase;
			buildActionMask = 2147483647;
			files = (
				BD14E324293CF0EA0031131B /* Preview Assets.xcassets in Resources */,
				BD14E320293CF0EA0031131B /* Assets.xcassets in Resources */,
			);
			runOnlyForDeploymentPostprocessing = 0;
		};
/* End PBXResourcesBuildPhase section */

/* Begin PBXSourcesBuildPhase section */
		BD14E314293CF0E40031131B /* Sources */ = {
			isa = PBXSourcesBuildPhase;
			buildActionMask = 2147483647;
			files = (
				BDA99D77293F95D700EA862D /* PreviewData.swift in Sources */,
				BDDA8E612940DA35004B51DB /* TransactionList.swift in Sources */,
				BD62215A2940CD190090CEB3 /* RecentTransactionList.swift in Sources */,
				BDD2C7BA2943349F0047576B /* ChartView.swift in Sources */,
				BDA99D75293F92EB00EA862D /* TransactionModel.swift in Sources */,
				BD14E31E293CF0E40031131B /* ContentView.swift in Sources */,
				BDA99D79293F978000EA862D /* TransactionRow.swift in Sources */,
				BDA99D73293F8DA600EA862D /* Extensions.swift in Sources */,
				BD6221582940C62F0090CEB3 /* TransactionListViewModel.swift in Sources */,
				BD14E31C293CF0E40031131B /* ExpenseTrackerApp.swift in Sources */,
			);
			runOnlyForDeploymentPostprocessing = 0;
		};
/* End PBXSourcesBuildPhase section */

/* Begin XCBuildConfiguration section */
		BD14E325293CF0EA0031131B /* Debug */ = {
			isa = XCBuildConfiguration;
			buildSettings = {
				ALWAYS_SEARCH_USER_PATHS = NO;
				CLANG_ANALYZER_NONNULL = YES;
				CLANG_ANALYZER_NUMBER_OBJECT_CONVERSION = YES_AGGRESSIVE;
				CLANG_CXX_LANGUAGE_STANDARD = "gnu++20";
				CLANG_ENABLE_MODULES = YES;
				CLANG_ENABLE_OBJC_ARC = YES;
				CLANG_ENABLE_OBJC_WEAK = YES;
				CLANG_WARN_BLOCK_CAPTURE_AUTORELEASING = YES;
				CLANG_WARN_BOOL_CONVERSION = YES;
				CLANG_WARN_COMMA = YES;
				CLANG_WARN_CONSTANT_CONVERSION = YES;
				CLANG_WARN_DEPRECATED_OBJC_IMPLEMENTATIONS = YES;
				CLANG_WARN_DIRECT_OBJC_ISA_USAGE = YES_ERROR;
				CLANG_WARN_DOCUMENTATION_COMMENTS = YES;
				CLANG_WARN_EMPTY_BODY = YES;
				CLANG_WARN_ENUM_CONVERSION = YES;
				CLANG_WARN_INFINITE_RECURSION = YES;
				CLANG_WARN_INT_CONVERSION = YES;
				CLANG_WARN_NON_LITERAL_NULL_CONVERSION = YES;
				CLANG_WARN_OBJC_IMPLICIT_RETAIN_SELF = YES;
				CLANG_WARN_OBJC_LITERAL_CONVERSION = YES;
				CLANG_WARN_OBJC_ROOT_CLASS = YES_ERROR;
				CLANG_WARN_QUOTED_INCLUDE_IN_FRAMEWORK_HEADER = YES;
				CLANG_WARN_RANGE_LOOP_ANALYSIS = YES;
				CLANG_WARN_STRICT_PROTOTYPES = YES;
				CLANG_WARN_SUSPICIOUS_MOVE = YES;
				CLANG_WARN_UNGUARDED_AVAILABILITY = YES_AGGRESSIVE;
				CLANG_WARN_UNREACHABLE_CODE = YES;
				CLANG_WARN__DUPLICATE_METHOD_MATCH = YES;
				COPY_PHASE_STRIP = NO;
				DEBUG_INFORMATION_FORMAT = dwarf;
				ENABLE_STRICT_OBJC_MSGSEND = YES;
				ENABLE_TESTABILITY = YES;
				GCC_C_LANGUAGE_STANDARD = gnu11;
				GCC_DYNAMIC_NO_PIC = NO;
				GCC_NO_COMMON_BLOCKS = YES;
				GCC_OPTIMIZATION_LEVEL = 0;
				GCC_PREPROCESSOR_DEFINITIONS = (
					"DEBUG=1",
					"$(inherited)",
				);
				GCC_WARN_64_TO_32_BIT_CONVERSION = YES;
				GCC_WARN_ABOUT_RETURN_TYPE = YES_ERROR;
				GCC_WARN_UNDECLARED_SELECTOR = YES;
				GCC_WARN_UNINITIALIZED_AUTOS = YES_AGGRESSIVE;
				GCC_WARN_UNUSED_FUNCTION = YES;
				GCC_WARN_UNUSED_VARIABLE = YES;
				MTL_ENABLE_DEBUG_INFO = INCLUDE_SOURCE;
				MTL_FAST_MATH = YES;
				ONLY_ACTIVE_ARCH = YES;
				SWIFT_ACTIVE_COMPILATION_CONDITIONS = DEBUG;
				SWIFT_OPTIMIZATION_LEVEL = "-Onone";
			};
			name = Debug;
		};
		BD14E326293CF0EA0031131B /* Release */ = {
			isa = XCBuildConfiguration;
			buildSettings = {
				ALWAYS_SEARCH_USER_PATHS = NO;
				CLANG_ANALYZER_NONNULL = YES;
				CLANG_ANALYZER_NUMBER_OBJECT_CONVERSION = YES_AGGRESSIVE;
				CLANG_CXX_LANGUAGE_STANDARD = "gnu++20";
				CLANG_ENABLE_MODULES = YES;
				CLANG_ENABLE_OBJC_ARC = YES;
				CLANG_ENABLE_OBJC_WEAK = YES;
				CLANG_WARN_BLOCK_CAPTURE_AUTORELEASING = YES;
				CLANG_WARN_BOOL_CONVERSION = YES;
				CLANG_WARN_COMMA = YES;
				CLANG_WARN_CONSTANT_CONVERSION = YES;
				CLANG_WARN_DEPRECATED_OBJC_IMPLEMENTATIONS = YES;
				CLANG_WARN_DIRECT_OBJC_ISA_USAGE = YES_ERROR;
				CLANG_WARN_DOCUMENTATION_COMMENTS = YES;
				CLANG_WARN_EMPTY_BODY = YES;
				CLANG_WARN_ENUM_CONVERSION = YES;
				CLANG_WARN_INFINITE_RECURSION = YES;
				CLANG_WARN_INT_CONVERSION = YES;
				CLANG_WARN_NON_LITERAL_NULL_CONVERSION = YES;
				CLANG_WARN_OBJC_IMPLICIT_RETAIN_SELF = YES;
				CLANG_WARN_OBJC_LITERAL_CONVERSION = YES;
				CLANG_WARN_OBJC_ROOT_CLASS = YES_ERROR;
				CLANG_WARN_QUOTED_INCLUDE_IN_FRAMEWORK_HEADER = YES;
				CLANG_WARN_RANGE_LOOP_ANALYSIS = YES;
				CLANG_WARN_STRICT_PROTOTYPES = YES;
				CLANG_WARN_SUSPICIOUS_MOVE = YES;
				CLANG_WARN_UNGUARDED_AVAILABILITY = YES_AGGRESSIVE;
				CLANG_WARN_UNREACHABLE_CODE = YES;
				CLANG_WARN__DUPLICATE_METHOD_MATCH = YES;
				COPY_PHASE_STRIP = NO;
				DEBUG_INFORMATION_FORMAT = "dwarf-with-dsym";
				ENABLE_NS_ASSERTIONS = NO;
				ENABLE_STRICT_OBJC_MSGSEND = YES;
				GCC_C_LANGUAGE_STANDARD = gnu11;
				GCC_NO_COMMON_BLOCKS = YES;
				GCC_WARN_64_TO_32_BIT_CONVERSION = YES;
				GCC_WARN_ABOUT_RETURN_TYPE = YES_ERROR;
				GCC_WARN_UNDECLARED_SELECTOR = YES;
				GCC_WARN_UNINITIALIZED_AUTOS = YES_AGGRESSIVE;
				GCC_WARN_UNUSED_FUNCTION = YES;
				GCC_WARN_UNUSED_VARIABLE = YES;
				MTL_ENABLE_DEBUG_INFO = NO;
				MTL_FAST_MATH = YES;
				SWIFT_COMPILATION_MODE = wholemodule;
				SWIFT_OPTIMIZATION_LEVEL = "-O";
			};
			name = Release;
		};
		BD14E328293CF0EA0031131B /* Debug */ = {
			isa = XCBuildConfiguration;
			buildSettings = {
				ASSETCATALOG_COMPILER_APPICON_NAME = AppIcon;
				ASSETCATALOG_COMPILER_GLOBAL_ACCENT_COLOR_NAME = AccentColor;
				CODE_SIGN_ENTITLEMENTS = ExpenseTracker/ExpenseTracker.entitlements;
				CODE_SIGN_STYLE = Automatic;
				CURRENT_PROJECT_VERSION = 1;
				DEVELOPMENT_ASSET_PATHS = "\"ExpenseTracker/Preview Content\"";
				ENABLE_PREVIEWS = YES;
				GENERATE_INFOPLIST_FILE = YES;
				"INFOPLIST_KEY_UIApplicationSceneManifest_Generation[sdk=iphoneos*]" = YES;
				"INFOPLIST_KEY_UIApplicationSceneManifest_Generation[sdk=iphonesimulator*]" = YES;
				"INFOPLIST_KEY_UIApplicationSupportsIndirectInputEvents[sdk=iphoneos*]" = YES;
				"INFOPLIST_KEY_UIApplicationSupportsIndirectInputEvents[sdk=iphonesimulator*]" = YES;
				"INFOPLIST_KEY_UILaunchScreen_Generation[sdk=iphoneos*]" = YES;
				"INFOPLIST_KEY_UILaunchScreen_Generation[sdk=iphonesimulator*]" = YES;
				"INFOPLIST_KEY_UIStatusBarStyle[sdk=iphoneos*]" = UIStatusBarStyleDefault;
				"INFOPLIST_KEY_UIStatusBarStyle[sdk=iphonesimulator*]" = UIStatusBarStyleDefault;
				INFOPLIST_KEY_UISupportedInterfaceOrientations_iPad = "UIInterfaceOrientationPortrait UIInterfaceOrientationPortraitUpsideDown UIInterfaceOrientationLandscapeLeft UIInterfaceOrientationLandscapeRight";
				INFOPLIST_KEY_UISupportedInterfaceOrientations_iPhone = "UIInterfaceOrientationPortrait UIInterfaceOrientationLandscapeLeft UIInterfaceOrientationLandscapeRight";
				IPHONEOS_DEPLOYMENT_TARGET = 16.1;
				LD_RUNPATH_SEARCH_PATHS = "@executable_path/Frameworks";
				"LD_RUNPATH_SEARCH_PATHS[sdk=macosx*]" = "@executable_path/../Frameworks";
				MACOSX_DEPLOYMENT_TARGET = 12.6;
				MARKETING_VERSION = 1.0;
				PRODUCT_BUNDLE_IDENTIFIER = io.jupiter.ExpenseTracker;
				PRODUCT_NAME = "$(TARGET_NAME)";
				SDKROOT = auto;
				SUPPORTED_PLATFORMS = "iphoneos iphonesimulator macosx";
				SWIFT_EMIT_LOC_STRINGS = YES;
				SWIFT_VERSION = 5.0;
				TARGETED_DEVICE_FAMILY = "1,2";
			};
			name = Debug;
		};
		BD14E329293CF0EA0031131B /* Release */ = {
			isa = XCBuildConfiguration;
			buildSettings = {
				ASSETCATALOG_COMPILER_APPICON_NAME = AppIcon;
				ASSETCATALOG_COMPILER_GLOBAL_ACCENT_COLOR_NAME = AccentColor;
				CODE_SIGN_ENTITLEMENTS = ExpenseTracker/ExpenseTracker.entitlements;
				CODE_SIGN_STYLE = Automatic;
				CURRENT_PROJECT_VERSION = 1;
				DEVELOPMENT_ASSET_PATHS = "\"ExpenseTracker/Preview Content\"";
				ENABLE_PREVIEWS = YES;
				GENERATE_INFOPLIST_FILE = YES;
				"INFOPLIST_KEY_UIApplicationSceneManifest_Generation[sdk=iphoneos*]" = YES;
				"INFOPLIST_KEY_UIApplicationSceneManifest_Generation[sdk=iphonesimulator*]" = YES;
				"INFOPLIST_KEY_UIApplicationSupportsIndirectInputEvents[sdk=iphoneos*]" = YES;
				"INFOPLIST_KEY_UIApplicationSupportsIndirectInputEvents[sdk=iphonesimulator*]" = YES;
				"INFOPLIST_KEY_UILaunchScreen_Generation[sdk=iphoneos*]" = YES;
				"INFOPLIST_KEY_UILaunchScreen_Generation[sdk=iphonesimulator*]" = YES;
				"INFOPLIST_KEY_UIStatusBarStyle[sdk=iphoneos*]" = UIStatusBarStyleDefault;
				"INFOPLIST_KEY_UIStatusBarStyle[sdk=iphonesimulator*]" = UIStatusBarStyleDefault;
				INFOPLIST_KEY_UISupportedInterfaceOrientations_iPad = "UIInterfaceOrientationPortrait UIInterfaceOrientationPortraitUpsideDown UIInterfaceOrientationLandscapeLeft UIInterfaceOrientationLandscapeRight";
				INFOPLIST_KEY_UISupportedInterfaceOrientations_iPhone = "UIInterfaceOrientationPortrait UIInterfaceOrientationLandscapeLeft UIInterfaceOrientationLandscapeRight";
				IPHONEOS_DEPLOYMENT_TARGET = 16.1;
				LD_RUNPATH_SEARCH_PATHS = "@executable_path/Frameworks";
				"LD_RUNPATH_SEARCH_PATHS[sdk=macosx*]" = "@executable_path/../Frameworks";
				MACOSX_DEPLOYMENT_TARGET = 12.6;
				MARKETING_VERSION = 1.0;
				PRODUCT_BUNDLE_IDENTIFIER = io.jupiter.ExpenseTracker;
				PRODUCT_NAME = "$(TARGET_NAME)";
				SDKROOT = auto;
				SUPPORTED_PLATFORMS = "iphoneos iphonesimulator macosx";
				SWIFT_EMIT_LOC_STRINGS = YES;
				SWIFT_VERSION = 5.0;
				TARGETED_DEVICE_FAMILY = "1,2";
			};
			name = Release;
		};
/* End XCBuildConfiguration section */

/* Begin XCConfigurationList section */
		BD14E313293CF0E40031131B /* Build configuration list for PBXProject "ExpenseTracker" */ = {
			isa = XCConfigurationList;
			buildConfigurations = (
				BD14E325293CF0EA0031131B /* Debug */,
				BD14E326293CF0EA0031131B /* Release */,
			);
			defaultConfigurationIsVisible = 0;
			defaultConfigurationName = Release;
		};
		BD14E327293CF0EA0031131B /* Build configuration list for PBXNativeTarget "ExpenseTracker" */ = {
			isa = XCConfigurationList;
			buildConfigurations = (
				BD14E328293CF0EA0031131B /* Debug */,
				BD14E329293CF0EA0031131B /* Release */,
			);
			defaultConfigurationIsVisible = 0;
			defaultConfigurationName = Release;
		};
/* End XCConfigurationList section */

/* Begin XCRemoteSwiftPackageReference section */
		BD6221542940C5530090CEB3 /* XCRemoteSwiftPackageReference "SwiftUIFontIcon" */ = {
			isa = XCRemoteSwiftPackageReference;
			repositoryURL = "https://github.com/huybuidac/SwiftUIFontIcon";
			requirement = {
				branch = master;
				kind = branch;
			};
		};
		BDDA8E622940E037004B51DB /* XCRemoteSwiftPackageReference "swift-collections" */ = {
			isa = XCRemoteSwiftPackageReference;
			repositoryURL = "https://github.com/apple/swift-collections.git";
			requirement = {
				kind = upToNextMajorVersion;
				minimumVersion = 1.0.0;
			};
		};
		BDDA8E692940E484004B51DB /* XCRemoteSwiftPackageReference "ChartView" */ = {
			isa = XCRemoteSwiftPackageReference;
			repositoryURL = "https://github.com/AppPear/ChartView";
			requirement = {
				kind = exactVersion;
				version = "2.0.0-beta.2";
			};
		};
/* End XCRemoteSwiftPackageReference section */

/* Begin XCSwiftPackageProductDependency section */
		BD6221552940C5530090CEB3 /* SwiftUIFontIcon */ = {
			isa = XCSwiftPackageProductDependency;
			package = BD6221542940C5530090CEB3 /* XCRemoteSwiftPackageReference "SwiftUIFontIcon" */;
			productName = SwiftUIFontIcon;
		};
		BDDA8E632940E037004B51DB /* Collections */ = {
			isa = XCSwiftPackageProductDependency;
			package = BDDA8E622940E037004B51DB /* XCRemoteSwiftPackageReference "swift-collections" */;
			productName = Collections;
		};
		BDDA8E652940E037004B51DB /* DequeModule */ = {
			isa = XCSwiftPackageProductDependency;
			package = BDDA8E622940E037004B51DB /* XCRemoteSwiftPackageReference "swift-collections" */;
			productName = DequeModule;
		};
		BDDA8E672940E037004B51DB /* OrderedCollections */ = {
			isa = XCSwiftPackageProductDependency;
			package = BDDA8E622940E037004B51DB /* XCRemoteSwiftPackageReference "swift-collections" */;
			productName = OrderedCollections;
		};
		BDDA8E6A2940E484004B51DB /* SwiftUICharts */ = {
			isa = XCSwiftPackageProductDependency;
			package = BDDA8E692940E484004B51DB /* XCRemoteSwiftPackageReference "ChartView" */;
			productName = SwiftUICharts;
		};
/* End XCSwiftPackageProductDependency section */
	};
	rootObject = BD14E310293CF0E40031131B /* Project object */;
}
